
Microsoft Visual Studio Solution File, Format Version 12.00
# Visual Studio Version 17
VisualStudioVersion = 17.14.36310.24 d17.14
MinimumVisualStudioVersion = 10.0.40219.1
Project("{FAE04EC0-301F-11D3-BF4B-00C04F79EFBC}") = "notepad", "notepad.csproj", "{465550F4-21FB-4E66-ACB8-01232CF6272B}"
EndProject
Global
	GlobalSection(SolutionConfigurationPlatforms) = preSolution
		Debug|Any CPU = Debug|Any CPU
		Release|Any CPU = Release|Any CPU
	EndGlobalSection
	GlobalSection(ProjectConfigurationPlatforms) = postSolution
		{465550F4-21FB-4E66-ACB8-01232CF6272B}.Debug|Any CPU.ActiveCfg = Debug|Any CPU
		{465550F4-21FB-4E66-ACB8-01232CF6272B}.Debug|Any CPU.Build.0 = Debug|Any CPU
		{465550F4-21FB-4E66-ACB8-01232CF6272B}.Release|Any CPU.ActiveCfg = Release|Any CPU
		{465550F4-21FB-4E66-ACB8-01232CF6272B}.Release|Any CPU.Build.0 = Release|Any CPU
	EndGlobalSection
	GlobalSection(SolutionProperties) = preSolution
		HideSolutionNode = FALSE
	EndGlobalSection
	GlobalSection(ExtensibilityGlobals) = postSolution
		SolutionGuid = {0954A990-34E5-4D9F-9326-FD1F11D0CED9}
	EndGlobalSection
EndGlobal
